// !$*UTF8*$!
{
	archiveVersion = 1;
	classes = {
	};
	objectVersion = 46;
	objects = {

/* Begin PBXBuildFile section */
		8CD814791BA82CB100C1C6C7 /* main.m in Sources */ = {isa = PBXBuildFile; fileRef = 8CD814781BA82CB100C1C6C7 /* main.m */; };
		8CD8147C1BA82CB100C1C6C7 /* AppDelegate.m in Sources */ = {isa = PBXBuildFile; fileRef = 8CD8147B1BA82CB100C1C6C7 /* AppDelegate.m */; };
		8CD814821BA82CB100C1C6C7 /* Main.storyboard in Resources */ = {isa = PBXBuildFile; fileRef = 8CD814801BA82CB100C1C6C7 /* Main.storyboard */; };
		8CD814841BA82CB100C1C6C7 /* Images.xcassets in Resources */ = {isa = PBXBuildFile; fileRef = 8CD814831BA82CB100C1C6C7 /* Images.xcassets */; };
		8CD814871BA82CB100C1C6C7 /* LaunchScreen.xib in Resources */ = {isa = PBXBuildFile; fileRef = 8CD814851BA82CB100C1C6C7 /* LaunchScreen.xib */; };
		8CD814931BA82CB100C1C6C7 /* HypnoNerdTests.m in Sources */ = {isa = PBXBuildFile; fileRef = 8CD814921BA82CB100C1C6C7 /* HypnoNerdTests.m */; };
		8CD8149E1BA82D0300C1C6C7 /* BNRHypnosisViewController.m in Sources */ = {isa = PBXBuildFile; fileRef = 8CD8149D1BA82D0300C1C6C7 /* BNRHypnosisViewController.m */; };
		8CD814A11BA82D1A00C1C6C7 /* BNRReminderViewController.m in Sources */ = {isa = PBXBuildFile; fileRef = 8CD814A01BA82D1A00C1C6C7 /* BNRReminderViewController.m */; };
/* End PBXBuildFile section */

/* Begin PBXContainerItemProxy section */
		8CD8148D1BA82CB100C1C6C7 /* PBXContainerItemProxy */ = {
			isa = PBXContainerItemProxy;
			containerPortal = 8CD8146B1BA82CB000C1C6C7 /* Project object */;
			proxyType = 1;
			remoteGlobalIDString = 8CD814721BA82CB000C1C6C7;
			remoteInfo = HypnoNerd;
		};
/* End PBXContainerItemProxy section */

/* Begin PBXFileReference section */
		8CD814731BA82CB000C1C6C7 /* HypnoNerd.app */ = {isa = PBXFileReference; explicitFileType = wrapper.application; includeInIndex = 0; path = HypnoNerd.app; sourceTree = BUILT_PRODUCTS_DIR; };
		8CD814771BA82CB100C1C6C7 /* Info.plist */ = {isa = PBXFileReference; lastKnownFileType = text.plist.xml; path = Info.plist; sourceTree = "<group>"; };
		8CD814781BA82CB100C1C6C7 /* main.m */ = {isa = PBXFileReference; lastKnownFileType = sourcecode.c.objc; path = main.m; sourceTree = "<group>"; };
		8CD8147A1BA82CB100C1C6C7 /* AppDelegate.h */ = {isa = PBXFileReference; lastKnownFileType = sourcecode.c.h; path = AppDelegate.h; sourceTree = "<group>"; };
		8CD8147B1BA82CB100C1C6C7 /* AppDelegate.m */ = {isa = PBXFileReference; lastKnownFileType = sourcecode.c.objc; path = AppDelegate.m; sourceTree = "<group>"; };
		8CD814811BA82CB100C1C6C7 /* Base */ = {isa = PBXFileReference; lastKnownFileType = file.storyboard; name = Base; path = Base.lproj/Main.storyboard; sourceTree = "<group>"; };
		8CD814831BA82CB100C1C6C7 /* Images.xcassets */ = {isa = PBXFileReference; lastKnownFileType = folder.assetcatalog; path = Images.xcassets; sourceTree = "<group>"; };
		8CD814861BA82CB100C1C6C7 /* Base */ = {isa = PBXFileReference; lastKnownFileType = file.xib; name = Base; path = Base.lproj/LaunchScreen.xib; sourceTree = "<group>"; };
		8CD8148C1BA82CB100C1C6C7 /* HypnoNerdTests.xctest */ = {isa = PBXFileReference; explicitFileType = wrapper.cfbundle; includeInIndex = 0; path = HypnoNerdTests.xctest; sourceTree = BUILT_PRODUCTS_DIR; };
		8CD814911BA82CB100C1C6C7 /* Info.plist */ = {isa = PBXFileReference; lastKnownFileType = text.plist.xml; path = Info.plist; sourceTree = "<group>"; };
		8CD814921BA82CB100C1C6C7 /* HypnoNerdTests.m */ = {isa = PBXFileReference; lastKnownFileType = sourcecode.c.objc; path = HypnoNerdTests.m; sourceTree = "<group>"; };
		8CD8149C1BA82D0300C1C6C7 /* BNRHypnosisViewController.h */ = {isa = PBXFileReference; fileEncoding = 4; lastKnownFileType = sourcecode.c.h; path = BNRHypnosisViewController.h; sourceTree = "<group>"; };
		8CD8149D1BA82D0300C1C6C7 /* BNRHypnosisViewController.m */ = {isa = PBXFileReference; fileEncoding = 4; lastKnownFileType = sourcecode.c.objc; path = BNRHypnosisViewController.m; sourceTree = "<group>"; };
		8CD8149F1BA82D1A00C1C6C7 /* BNRReminderViewController.h */ = {isa = PBXFileReference; fileEncoding = 4; lastKnownFileType = sourcecode.c.h; path = BNRReminderViewController.h; sourceTree = "<group>"; };
		8CD814A01BA82D1A00C1C6C7 /* BNRReminderViewController.m */ = {isa = PBXFileReference; fileEncoding = 4; lastKnownFileType = sourcecode.c.objc; path = BNRReminderViewController.m; sourceTree = "<group>"; };
/* End PBXFileReference section */

/* Begin PBXFrameworksBuildPhase section */
		8CD814701BA82CB000C1C6C7 /* Frameworks */ = {
			isa = PBXFrameworksBuildPhase;
			buildActionMask = 2147483647;
			files = (
			);
			runOnlyForDeploymentPostprocessing = 0;
		};
		8CD814891BA82CB100C1C6C7 /* Frameworks */ = {
			isa = PBXFrameworksBuildPhase;
			buildActionMask = 2147483647;
			files = (
			);
			runOnlyForDeploymentPostprocessing = 0;
		};
/* End PBXFrameworksBuildPhase section */

/* Begin PBXGroup section */
		8CD8146A1BA82CB000C1C6C7 = {
			isa = PBXGroup;
			children = (
				8CD814751BA82CB000C1C6C7 /* HypnoNerd */,
				8CD8148F1BA82CB100C1C6C7 /* HypnoNerdTests */,
				8CD814741BA82CB000C1C6C7 /* Products */,
			);
			sourceTree = "<group>";
		};
		8CD814741BA82CB000C1C6C7 /* Products */ = {
			isa = PBXGroup;
			children = (
				8CD814731BA82CB000C1C6C7 /* HypnoNerd.app */,
				8CD8148C1BA82CB100C1C6C7 /* HypnoNerdTests.xctest */,
			);
			name = Products;
			sourceTree = "<group>";
		};
		8CD814751BA82CB000C1C6C7 /* HypnoNerd */ = {
			isa = PBXGroup;
			children = (
				8CD8147A1BA82CB100C1C6C7 /* AppDelegate.h */,
				8CD8147B1BA82CB100C1C6C7 /* AppDelegate.m */,
				8CD814801BA82CB100C1C6C7 /* Main.storyboard */,
				8CD8149C1BA82D0300C1C6C7 /* BNRHypnosisViewController.h */,
				8CD8149D1BA82D0300C1C6C7 /* BNRHypnosisViewController.m */,
				8CD8149F1BA82D1A00C1C6C7 /* BNRReminderViewController.h */,
				8CD814A01BA82D1A00C1C6C7 /* BNRReminderViewController.m */,
				8CD814831BA82CB100C1C6C7 /* Images.xcassets */,
				8CD814851BA82CB100C1C6C7 /* LaunchScreen.xib */,
				8CD814761BA82CB100C1C6C7 /* Supporting Files */,
			);
			path = HypnoNerd;
			sourceTree = "<group>";
		};
		8CD814761BA82CB100C1C6C7 /* Supporting Files */ = {
			isa = PBXGroup;
			children = (
				8CD814771BA82CB100C1C6C7 /* Info.plist */,
				8CD814781BA82CB100C1C6C7 /* main.m */,
			);
			name = "Supporting Files";
			sourceTree = "<group>";
		};
		8CD8148F1BA82CB100C1C6C7 /* HypnoNerdTests */ = {
			isa = PBXGroup;
			children = (
				8CD814921BA82CB100C1C6C7 /* HypnoNerdTests.m */,
				8CD814901BA82CB100C1C6C7 /* Supporting Files */,
			);
			path = HypnoNerdTests;
			sourceTree = "<group>";
		};
		8CD814901BA82CB100C1C6C7 /* Supporting Files */ = {
			isa = PBXGroup;
			children = (
				8CD814911BA82CB100C1C6C7 /* Info.plist */,
			);
			name = "Supporting Files";
			sourceTree = "<group>";
		};
/* End PBXGroup section */

/* Begin PBXNativeTarget section */
		8CD814721BA82CB000C1C6C7 /* HypnoNerd */ = {
			isa = PBXNativeTarget;
			buildConfigurationList = 8CD814961BA82CB100C1C6C7 /* Build configuration list for PBXNativeTarget "HypnoNerd" */;
			buildPhases = (
				8CD8146F1BA82CB000C1C6C7 /* Sources */,
				8CD814701BA82CB000C1C6C7 /* Frameworks */,
				8CD814711BA82CB000C1C6C7 /* Resources */,
			);
			buildRules = (
			);
			dependencies = (
			);
			name = HypnoNerd;
			productName = HypnoNerd;
			productReference = 8CD814731BA82CB000C1C6C7 /* HypnoNerd.app */;
			productType = "com.apple.product-type.application";
		};
		8CD8148B1BA82CB100C1C6C7 /* HypnoNerdTests */ = {
			isa = PBXNativeTarget;
			buildConfigurationList = 8CD814991BA82CB100C1C6C7 /* Build configuration list for PBXNativeTarget "HypnoNerdTests" */;
			buildPhases = (
				8CD814881BA82CB100C1C6C7 /* Sources */,
				8CD814891BA82CB100C1C6C7 /* Frameworks */,
				8CD8148A1BA82CB100C1C6C7 /* Resources */,
			);
			buildRules = (
			);
			dependencies = (
				8CD8148E1BA82CB100C1C6C7 /* PBXTargetDependency */,
			);
			name = HypnoNerdTests;
			productName = HypnoNerdTests;
			productReference = 8CD8148C1BA82CB100C1C6C7 /* HypnoNerdTests.xctest */;
			productType = "com.apple.product-type.bundle.unit-test";
		};
/* End PBXNativeTarget section */

/* Begin PBXProject section */
		8CD8146B1BA82CB000C1C6C7 /* Project object */ = {
			isa = PBXProject;
			attributes = {
				LastUpgradeCheck = 0630;
				ORGANIZATIONNAME = Apple;
				TargetAttributes = {
					8CD814721BA82CB000C1C6C7 = {
						CreatedOnToolsVersion = 6.3.2;
					};
					8CD8148B1BA82CB100C1C6C7 = {
						CreatedOnToolsVersion = 6.3.2;
						TestTargetID = 8CD814721BA82CB000C1C6C7;
					};
				};
			};
			buildConfigurationList = 8CD8146E1BA82CB000C1C6C7 /* Build configuration list for PBXProject "HypnoNerd" */;
			compatibilityVersion = "Xcode 3.2";
			developmentRegion = English;
			hasScannedForEncodings = 0;
			knownRegions = (
				en,
				Base,
			);
			mainGroup = 8CD8146A1BA82CB000C1C6C7;
			productRefGroup = 8CD814741BA82CB000C1C6C7 /* Products */;
			projectDirPath = "";
			projectRoot = "";
			targets = (
				8CD814721BA82CB000C1C6C7 /* HypnoNerd */,
				8CD8148B1BA82CB100C1C6C7 /* HypnoNerdTests */,
			);
		};
/* End PBXProject section */

/* Begin PBXResourcesBuildPhase section */
		8CD814711BA82CB000C1C6C7 /* Resources */ = {
			isa = PBXResourcesBuildPhase;
			buildActionMask = 2147483647;
			files = (
				8CD814821BA82CB100C1C6C7 /* Main.storyboard in Resources */,
				8CD814871BA82CB100C1C6C7 /* LaunchScreen.xib in Resources */,
				8CD814841BA82CB100C1C6C7 /* Images.xcassets in Resources */,
			);
			runOnlyForDeploymentPostprocessing = 0;
		};
		8CD8148A1BA82CB100C1C6C7 /* Resources */ = {
			isa = PBXResourcesBuildPhase;
			buildActionMask = 2147483647;
			files = (
			);
			runOnlyForDeploymentPostprocessing = 0;
		};
/* End PBXResourcesBuildPhase section */

/* Begin PBXSourcesBuildPhase section */
		8CD8146F1BA82CB000C1C6C7 /* Sources */ = {
			isa = PBXSourcesBuildPhase;
			buildActionMask = 2147483647;
			files = (
				8CD8149E1BA82D0300C1C6C7 /* BNRHypnosisViewController.m in Sources */,
				8CD8147C1BA82CB100C1C6C7 /* AppDelegate.m in Sources */,
				8CD814A11BA82D1A00C1C6C7 /* BNRReminderViewController.m in Sources */,
				8CD814791BA82CB100C1C6C7 /* main.m in Sources */,
			);
			runOnlyForDeploymentPostprocessing = 0;
		};
		8CD814881BA82CB100C1C6C7 /* Sources */ = {
			isa = PBXSourcesBuildPhase;
			buildActionMask = 2147483647;
			files = (
				8CD814931BA82CB100C1C6C7 /* HypnoNerdTests.m in Sources */,
			);
			runOnlyForDeploymentPostprocessing = 0;
		};
/* End PBXSourcesBuildPhase section */

/* Begin PBXTargetDependency section */
		8CD8148E1BA82CB100C1C6C7 /* PBXTargetDependency */ = {
			isa = PBXTargetDependency;
			target = 8CD814721BA82CB000C1C6C7 /* HypnoNerd */;
			targetProxy = 8CD8148D1BA82CB100C1C6C7 /* PBXContainerItemProxy */;
		};
/* End PBXTargetDependency section */

/* Begin PBXVariantGroup section */
		8CD814801BA82CB100C1C6C7 /* Main.storyboard */ = {
			isa = PBXVariantGroup;
			children = (
				8CD814811BA82CB100C1C6C7 /* Base */,
			);
			name = Main.storyboard;
			sourceTree = "<group>";
		};
		8CD814851BA82CB100C1C6C7 /* LaunchScreen.xib */ = {
			isa = PBXVariantGroup;
			children = (
				8CD814861BA82CB100C1C6C7 /* Base */,
			);
			name = LaunchScreen.xib;
			sourceTree = "<group>";
		};
/* End PBXVariantGroup section */

/* Begin XCBuildConfiguration section */
		8CD814941BA82CB100C1C6C7 /* Debug */ = {
			isa = XCBuildConfiguration;
			buildSettings = {
				ALWAYS_SEARCH_USER_PATHS = NO;
				CLANG_CXX_LANGUAGE_STANDARD = "gnu++0x";
				CLANG_CXX_LIBRARY = "libc++";
				CLANG_ENABLE_MODULES = YES;
				CLANG_ENABLE_OBJC_ARC = YES;
				CLANG_WARN_BOOL_CONVERSION = YES;
				CLANG_WARN_CONSTANT_CONVERSION = YES;
				CLANG_WARN_DIRECT_OBJC_ISA_USAGE = YES_ERROR;
				CLANG_WARN_EMPTY_BODY = YES;
				CLANG_WARN_ENUM_CONVERSION = YES;
				CLANG_WARN_INT_CONVERSION = YES;
				CLANG_WARN_OBJC_ROOT_CLASS = YES_ERROR;
				CLANG_WARN_UNREACHABLE_CODE = YES;
				CLANG_WARN__DUPLICATE_METHOD_MATCH = YES;
				"CODE_SIGN_IDENTITY[sdk=iphoneos*]" = "iPhone Developer";
				COPY_PHASE_STRIP = NO;
				DEBUG_INFORMATION_FORMAT = "dwarf-with-dsym";
				ENABLE_STRICT_OBJC_MSGSEND = YES;
				GCC_C_LANGUAGE_STANDARD = gnu99;
				GCC_DYNAMIC_NO_PIC = NO;
				GCC_NO_COMMON_BLOCKS = YES;
				GCC_OPTIMIZATION_LEVEL = 0;
				GCC_PREPROCESSOR_DEFINITIONS = (
					"DEBUG=1",
					"$(inherited)",
				);
				GCC_SYMBOLS_PRIVATE_EXTERN = NO;
				GCC_WARN_64_TO_32_BIT_CONVERSION = YES;
				GCC_WARN_ABOUT_RETURN_TYPE = YES_ERROR;
				GCC_WARN_UNDECLARED_SELECTOR = YES;
				GCC_WARN_UNINITIALIZED_AUTOS = YES_AGGRESSIVE;
				GCC_WARN_UNUSED_FUNCTION = YES;
				GCC_WARN_UNUSED_VARIABLE = YES;
				IPHONEOS_DEPLOYMENT_TARGET = 8.3;
				MTL_ENABLE_DEBUG_INFO = YES;
				ONLY_ACTIVE_ARCH = YES;
				SDKROOT = iphoneos;
				TARGETED_DEVICE_FAMILY = "1,2";
			};
			name = Debug;
		};
		8CD814951BA82CB100C1C6C7 /* Release */ = {
			isa = XCBuildConfiguration;
			buildSettings = {
				ALWAYS_SEARCH_USER_PATHS = NO;
				CLANG_CXX_LANGUAGE_STANDARD = "gnu++0x";
				CLANG_CXX_LIBRARY = "libc++";
				CLANG_ENABLE_MODULES = YES;
				CLANG_ENABLE_OBJC_ARC = YES;
				CLANG_WARN_BOOL_CONVERSION = YES;
				CLANG_WARN_CONSTANT_CONVERSION = YES;
				CLANG_WARN_DIRECT_OBJC_ISA_USAGE = YES_ERROR;
				CLANG_WARN_EMPTY_BODY = YES;
				CLANG_WARN_ENUM_CONVERSION = YES;
				CLANG_WARN_INT_CONVERSION = YES;
				CLANG_WARN_OBJC_ROOT_CLASS = YES_ERROR;
				CLANG_WARN_UNREACHABLE_CODE = YES;
				CLANG_WARN__DUPLICATE_METHOD_MATCH = YES;
				"CODE_SIGN_IDENTITY[sdk=iphoneos*]" = "iPhone Developer";
				COPY_PHASE_STRIP = NO;
				DEBUG_INFORMATION_FORMAT = "dwarf-with-dsym";
				ENABLE_NS_ASSERTIONS = NO;
				ENABLE_STRICT_OBJC_MSGSEND = YES;
				GCC_C_LANGUAGE_STANDARD = gnu99;
				GCC_NO_COMMON_BLOCKS = YES;
				GCC_WARN_64_TO_32_BIT_CONVERSION = YES;
				GCC_WARN_ABOUT_RETURN_TYPE = YES_ERROR;
				GCC_WARN_UNDECLARED_SELECTOR = YES;
				GCC_WARN_UNINITIALIZED_AUTOS = YES_AGGRESSIVE;
				GCC_WARN_UNUSED_FUNCTION = YES;
				GCC_WARN_UNUSED_VARIABLE = YES;
				IPHONEOS_DEPLOYMENT_TARGET = 8.3;
				MTL_ENABLE_DEBUG_INFO = NO;
				SDKROOT = iphoneos;
				TARGETED_DEVICE_FAMILY = "1,2";
				VALIDATE_PRODUCT = YES;
			};
			name = Release;
		};
		8CD814971BA82CB100C1C6C7 /* Debug */ = {
			isa = XCBuildConfiguration;
			buildSettings = {
				ASSETCATALOG_COMPILER_APPICON_NAME = AppIcon;
				INFOPLIST_FILE = HypnoNerd/Info.plist;
				LD_RUNPATH_SEARCH_PATHS = "$(inherited) @executable_path/Frameworks";
				PRODUCT_NAME = "$(TARGET_NAME)";
			};
			name = Debug;
		};
		8CD814981BA82CB100C1C6C7 /* Release */ = {
			isa = XCBuildConfiguration;
			buildSettings = {
				ASSETCATALOG_COMPILER_APPICON_NAME = AppIcon;
				INFOPLIST_FILE = HypnoNerd/Info.plist;
				LD_RUNPATH_SEARCH_PATHS = "$(inherited) @executable_path/Frameworks";
				PRODUCT_NAME = "$(TARGET_NAME)";
			};
			name = Release;
		};
		8CD8149A1BA82CB100C1C6C7 /* Debug */ = {
			isa = XCBuildConfiguration;
			buildSettings = {
				BUNDLE_LOADER = "$(TEST_HOST)";
				FRAMEWORK_SEARCH_PATHS = (
					"$(SDKROOT)/Developer/Library/Frameworks",
					"$(inherited)",
				);
				GCC_PREPROCESSOR_DEFINITIONS = (
					"DEBUG=1",
					"$(inherited)",
				);
				INFOPLIST_FILE = HypnoNerdTests/Info.plist;
				LD_RUNPATH_SEARCH_PATHS = "$(inherited) @executable_path/Frameworks @loader_path/Frameworks";
				PRODUCT_NAME = "$(TARGET_NAME)";
				TEST_HOST = "$(BUILT_PRODUCTS_DIR)/HypnoNerd.app/HypnoNerd";
			};
			name = Debug;
		};
		8CD8149B1BA82CB100C1C6C7 /* Release */ = {
			isa = XCBuildConfiguration;
			buildSettings = {
				BUNDLE_LOADER = "$(TEST_HOST)";
				FRAMEWORK_SEARCH_PATHS = (
					"$(SDKROOT)/Developer/Library/Frameworks",
					"$(inherited)",
				);
				INFOPLIST_FILE = HypnoNerdTests/Info.plist;
				LD_RUNPATH_SEARCH_PATHS = "$(inherited) @executable_path/Frameworks @loader_path/Frameworks";
				PRODUCT_NAME = "$(TARGET_NAME)";
				TEST_HOST = "$(BUILT_PRODUCTS_DIR)/HypnoNerd.app/HypnoNerd";
			};
			name = Release;
		};
/* End XCBuildConfiguration section */

/* Begin XCConfigurationList section */
		8CD8146E1BA82CB000C1C6C7 /* Build configuration list for PBXProject "HypnoNerd" */ = {
			isa = XCConfigurationList;
			buildConfigurations = (
				8CD814941BA82CB100C1C6C7 /* Debug */,
				8CD814951BA82CB100C1C6C7 /* Release */,
			);
			defaultConfigurationIsVisible = 0;
			defaultConfigurationName = Release;
		};
		8CD814961BA82CB100C1C6C7 /* Build configuration list for PBXNativeTarget "HypnoNerd" */ = {
			isa = XCConfigurationList;
			buildConfigurations = (
				8CD814971BA82CB100C1C6C7 /* Debug */,
				8CD814981BA82CB100C1C6C7 /* Release */,
			);
			defaultConfigurationIsVisible = 0;
			defaultConfigurationName = Release;
		};
		8CD814991BA82CB100C1C6C7 /* Build configuration list for PBXNativeTarget "HypnoNerdTests" */ = {
			isa = XCConfigurationList;
			buildConfigurations = (
				8CD8149A1BA82CB100C1C6C7 /* Debug */,
				8CD8149B1BA82CB100C1C6C7 /* Release */,
			);
			defaultConfigurationIsVisible = 0;
			defaultConfigurationName = Release;
		};
/* End XCConfigurationList section */
	};
	rootObject = 8CD8146B1BA82CB000C1C6C7 /* Project object */;
}
