// !$*UTF8*$!
{
	archiveVersion = 1;
	classes = {
	};
	objectVersion = 46;
	objects = {

/* Begin PBXBuildFile section */
		8CD7B5F11BCB877D005213F5 /* main.m in Sources */ = {isa = PBXBuildFile; fileRef = 8CD7B5F01BCB877D005213F5 /* main.m */; };
		8CD7B5F41BCB877D005213F5 /* AppDelegate.m in Sources */ = {isa = PBXBuildFile; fileRef = 8CD7B5F31BCB877D005213F5 /* AppDelegate.m */; };
		8CD7B5F71BCB877D005213F5 /* MapKitTest.xcdatamodeld in Sources */ = {isa = PBXBuildFile; fileRef = 8CD7B5F51BCB877D005213F5 /* MapKitTest.xcdatamodeld */; };
		8CD7B5FA1BCB877E005213F5 /* ViewController.m in Sources */ = {isa = PBXBuildFile; fileRef = 8CD7B5F91BCB877E005213F5 /* ViewController.m */; };
		8CD7B5FD1BCB877E005213F5 /* Main.storyboard in Resources */ = {isa = PBXBuildFile; fileRef = 8CD7B5FB1BCB877E005213F5 /* Main.storyboard */; };
		8CD7B5FF1BCB877E005213F5 /* Images.xcassets in Resources */ = {isa = PBXBuildFile; fileRef = 8CD7B5FE1BCB877E005213F5 /* Images.xcassets */; };
		8CD7B6021BCB877E005213F5 /* LaunchScreen.xib in Resources */ = {isa = PBXBuildFile; fileRef = 8CD7B6001BCB877E005213F5 /* LaunchScreen.xib */; };
		8CD7B60E1BCB877E005213F5 /* MapKitTestTests.m in Sources */ = {isa = PBXBuildFile; fileRef = 8CD7B60D1BCB877E005213F5 /* MapKitTestTests.m */; };
		8CD7B6181BCB8826005213F5 /* MapKit.framework in Frameworks */ = {isa = PBXBuildFile; fileRef = 8CD7B6171BCB8826005213F5 /* MapKit.framework */; };
/* End PBXBuildFile section */

/* Begin PBXContainerItemProxy section */
		8CD7B6081BCB877E005213F5 /* PBXContainerItemProxy */ = {
			isa = PBXContainerItemProxy;
			containerPortal = 8CD7B5E31BCB877D005213F5 /* Project object */;
			proxyType = 1;
			remoteGlobalIDString = 8CD7B5EA1BCB877D005213F5;
			remoteInfo = MapKitTest;
		};
/* End PBXContainerItemProxy section */

/* Begin PBXFileReference section */
		8CD7B5EB1BCB877D005213F5 /* MapKitTest.app */ = {isa = PBXFileReference; explicitFileType = wrapper.application; includeInIndex = 0; path = MapKitTest.app; sourceTree = BUILT_PRODUCTS_DIR; };
		8CD7B5EF1BCB877D005213F5 /* Info.plist */ = {isa = PBXFileReference; lastKnownFileType = text.plist.xml; path = Info.plist; sourceTree = "<group>"; };
		8CD7B5F01BCB877D005213F5 /* main.m */ = {isa = PBXFileReference; lastKnownFileType = sourcecode.c.objc; path = main.m; sourceTree = "<group>"; };
		8CD7B5F21BCB877D005213F5 /* AppDelegate.h */ = {isa = PBXFileReference; lastKnownFileType = sourcecode.c.h; path = AppDelegate.h; sourceTree = "<group>"; };
		8CD7B5F31BCB877D005213F5 /* AppDelegate.m */ = {isa = PBXFileReference; lastKnownFileType = sourcecode.c.objc; path = AppDelegate.m; sourceTree = "<group>"; };
		8CD7B5F61BCB877D005213F5 /* MapKitTest.xcdatamodel */ = {isa = PBXFileReference; lastKnownFileType = wrapper.xcdatamodel; path = MapKitTest.xcdatamodel; sourceTree = "<group>"; };
		8CD7B5F81BCB877E005213F5 /* ViewController.h */ = {isa = PBXFileReference; lastKnownFileType = sourcecode.c.h; path = ViewController.h; sourceTree = "<group>"; };
		8CD7B5F91BCB877E005213F5 /* ViewController.m */ = {isa = PBXFileReference; lastKnownFileType = sourcecode.c.objc; path = ViewController.m; sourceTree = "<group>"; };
		8CD7B5FC1BCB877E005213F5 /* Base */ = {isa = PBXFileReference; lastKnownFileType = file.storyboard; name = Base; path = Base.lproj/Main.storyboard; sourceTree = "<group>"; };
		8CD7B5FE1BCB877E005213F5 /* Images.xcassets */ = {isa = PBXFileReference; lastKnownFileType = folder.assetcatalog; path = Images.xcassets; sourceTree = "<group>"; };
		8CD7B6011BCB877E005213F5 /* Base */ = {isa = PBXFileReference; lastKnownFileType = file.xib; name = Base; path = Base.lproj/LaunchScreen.xib; sourceTree = "<group>"; };
		8CD7B6071BCB877E005213F5 /* MapKitTestTests.xctest */ = {isa = PBXFileReference; explicitFileType = wrapper.cfbundle; includeInIndex = 0; path = MapKitTestTests.xctest; sourceTree = BUILT_PRODUCTS_DIR; };
		8CD7B60C1BCB877E005213F5 /* Info.plist */ = {isa = PBXFileReference; lastKnownFileType = text.plist.xml; path = Info.plist; sourceTree = "<group>"; };
		8CD7B60D1BCB877E005213F5 /* MapKitTestTests.m */ = {isa = PBXFileReference; lastKnownFileType = sourcecode.c.objc; path = MapKitTestTests.m; sourceTree = "<group>"; };
		8CD7B6171BCB8826005213F5 /* MapKit.framework */ = {isa = PBXFileReference; lastKnownFileType = wrapper.framework; name = MapKit.framework; path = System/Library/Frameworks/MapKit.framework; sourceTree = SDKROOT; };
/* End PBXFileReference section */

/* Begin PBXFrameworksBuildPhase section */
		8CD7B5E81BCB877D005213F5 /* Frameworks */ = {
			isa = PBXFrameworksBuildPhase;
			buildActionMask = 2147483647;
			files = (
				8CD7B6181BCB8826005213F5 /* MapKit.framework in Frameworks */,
			);
			runOnlyForDeploymentPostprocessing = 0;
		};
		8CD7B6041BCB877E005213F5 /* Frameworks */ = {
			isa = PBXFrameworksBuildPhase;
			buildActionMask = 2147483647;
			files = (
			);
			runOnlyForDeploymentPostprocessing = 0;
		};
/* End PBXFrameworksBuildPhase section */

/* Begin PBXGroup section */
		8CD7B5E21BCB877D005213F5 = {
			isa = PBXGroup;
			children = (
				8CD7B6171BCB8826005213F5 /* MapKit.framework */,
				8CD7B5ED1BCB877D005213F5 /* MapKitTest */,
				8CD7B60A1BCB877E005213F5 /* MapKitTestTests */,
				8CD7B5EC1BCB877D005213F5 /* Products */,
			);
			sourceTree = "<group>";
		};
		8CD7B5EC1BCB877D005213F5 /* Products */ = {
			isa = PBXGroup;
			children = (
				8CD7B5EB1BCB877D005213F5 /* MapKitTest.app */,
				8CD7B6071BCB877E005213F5 /* MapKitTestTests.xctest */,
			);
			name = Products;
			sourceTree = "<group>";
		};
		8CD7B5ED1BCB877D005213F5 /* MapKitTest */ = {
			isa = PBXGroup;
			children = (
				8CD7B5F21BCB877D005213F5 /* AppDelegate.h */,
				8CD7B5F31BCB877D005213F5 /* AppDelegate.m */,
				8CD7B5F81BCB877E005213F5 /* ViewController.h */,
				8CD7B5F91BCB877E005213F5 /* ViewController.m */,
				8CD7B5FB1BCB877E005213F5 /* Main.storyboard */,
				8CD7B5FE1BCB877E005213F5 /* Images.xcassets */,
				8CD7B6001BCB877E005213F5 /* LaunchScreen.xib */,
				8CD7B5F51BCB877D005213F5 /* MapKitTest.xcdatamodeld */,
				8CD7B5EE1BCB877D005213F5 /* Supporting Files */,
			);
			path = MapKitTest;
			sourceTree = "<group>";
		};
		8CD7B5EE1BCB877D005213F5 /* Supporting Files */ = {
			isa = PBXGroup;
			children = (
				8CD7B5EF1BCB877D005213F5 /* Info.plist */,
				8CD7B5F01BCB877D005213F5 /* main.m */,
			);
			name = "Supporting Files";
			sourceTree = "<group>";
		};
		8CD7B60A1BCB877E005213F5 /* MapKitTestTests */ = {
			isa = PBXGroup;
			children = (
				8CD7B60D1BCB877E005213F5 /* MapKitTestTests.m */,
				8CD7B60B1BCB877E005213F5 /* Supporting Files */,
			);
			path = MapKitTestTests;
			sourceTree = "<group>";
		};
		8CD7B60B1BCB877E005213F5 /* Supporting Files */ = {
			isa = PBXGroup;
			children = (
				8CD7B60C1BCB877E005213F5 /* Info.plist */,
			);
			name = "Supporting Files";
			sourceTree = "<group>";
		};
/* End PBXGroup section */

/* Begin PBXNativeTarget section */
		8CD7B5EA1BCB877D005213F5 /* MapKitTest */ = {
			isa = PBXNativeTarget;
			buildConfigurationList = 8CD7B6111BCB877E005213F5 /* Build configuration list for PBXNativeTarget "MapKitTest" */;
			buildPhases = (
				8CD7B5E71BCB877D005213F5 /* Sources */,
				8CD7B5E81BCB877D005213F5 /* Frameworks */,
				8CD7B5E91BCB877D005213F5 /* Resources */,
			);
			buildRules = (
			);
			dependencies = (
			);
			name = MapKitTest;
			productName = MapKitTest;
			productReference = 8CD7B5EB1BCB877D005213F5 /* MapKitTest.app */;
			productType = "com.apple.product-type.application";
		};
		8CD7B6061BCB877E005213F5 /* MapKitTestTests */ = {
			isa = PBXNativeTarget;
			buildConfigurationList = 8CD7B6141BCB877E005213F5 /* Build configuration list for PBXNativeTarget "MapKitTestTests" */;
			buildPhases = (
				8CD7B6031BCB877E005213F5 /* Sources */,
				8CD7B6041BCB877E005213F5 /* Frameworks */,
				8CD7B6051BCB877E005213F5 /* Resources */,
			);
			buildRules = (
			);
			dependencies = (
				8CD7B6091BCB877E005213F5 /* PBXTargetDependency */,
			);
			name = MapKitTestTests;
			productName = MapKitTestTests;
			productReference = 8CD7B6071BCB877E005213F5 /* MapKitTestTests.xctest */;
			productType = "com.apple.product-type.bundle.unit-test";
		};
/* End PBXNativeTarget section */

/* Begin PBXProject section */
		8CD7B5E31BCB877D005213F5 /* Project object */ = {
			isa = PBXProject;
			attributes = {
				LastUpgradeCheck = 0630;
				ORGANIZATIONNAME = Apple;
				TargetAttributes = {
					8CD7B5EA1BCB877D005213F5 = {
						CreatedOnToolsVersion = 6.3.2;
					};
					8CD7B6061BCB877E005213F5 = {
						CreatedOnToolsVersion = 6.3.2;
						TestTargetID = 8CD7B5EA1BCB877D005213F5;
					};
				};
			};
			buildConfigurationList = 8CD7B5E61BCB877D005213F5 /* Build configuration list for PBXProject "MapKitTest" */;
			compatibilityVersion = "Xcode 3.2";
			developmentRegion = English;
			hasScannedForEncodings = 0;
			knownRegions = (
				en,
				Base,
			);
			mainGroup = 8CD7B5E21BCB877D005213F5;
			productRefGroup = 8CD7B5EC1BCB877D005213F5 /* Products */;
			projectDirPath = "";
			projectRoot = "";
			targets = (
				8CD7B5EA1BCB877D005213F5 /* MapKitTest */,
				8CD7B6061BCB877E005213F5 /* MapKitTestTests */,
			);
		};
/* End PBXProject section */

/* Begin PBXResourcesBuildPhase section */
		8CD7B5E91BCB877D005213F5 /* Resources */ = {
			isa = PBXResourcesBuildPhase;
			buildActionMask = 2147483647;
			files = (
				8CD7B5FD1BCB877E005213F5 /* Main.storyboard in Resources */,
				8CD7B6021BCB877E005213F5 /* LaunchScreen.xib in Resources */,
				8CD7B5FF1BCB877E005213F5 /* Images.xcassets in Resources */,
			);
			runOnlyForDeploymentPostprocessing = 0;
		};
		8CD7B6051BCB877E005213F5 /* Resources */ = {
			isa = PBXResourcesBuildPhase;
			buildActionMask = 2147483647;
			files = (
			);
			runOnlyForDeploymentPostprocessing = 0;
		};
/* End PBXResourcesBuildPhase section */

/* Begin PBXSourcesBuildPhase section */
		8CD7B5E71BCB877D005213F5 /* Sources */ = {
			isa = PBXSourcesBuildPhase;
			buildActionMask = 2147483647;
			files = (
				8CD7B5F71BCB877D005213F5 /* MapKitTest.xcdatamodeld in Sources */,
				8CD7B5F41BCB877D005213F5 /* AppDelegate.m in Sources */,
				8CD7B5FA1BCB877E005213F5 /* ViewController.m in Sources */,
				8CD7B5F11BCB877D005213F5 /* main.m in Sources */,
			);
			runOnlyForDeploymentPostprocessing = 0;
		};
		8CD7B6031BCB877E005213F5 /* Sources */ = {
			isa = PBXSourcesBuildPhase;
			buildActionMask = 2147483647;
			files = (
				8CD7B60E1BCB877E005213F5 /* MapKitTestTests.m in Sources */,
			);
			runOnlyForDeploymentPostprocessing = 0;
		};
/* End PBXSourcesBuildPhase section */

/* Begin PBXTargetDependency section */
		8CD7B6091BCB877E005213F5 /* PBXTargetDependency */ = {
			isa = PBXTargetDependency;
			target = 8CD7B5EA1BCB877D005213F5 /* MapKitTest */;
			targetProxy = 8CD7B6081BCB877E005213F5 /* PBXContainerItemProxy */;
		};
/* End PBXTargetDependency section */

/* Begin PBXVariantGroup section */
		8CD7B5FB1BCB877E005213F5 /* Main.storyboard */ = {
			isa = PBXVariantGroup;
			children = (
				8CD7B5FC1BCB877E005213F5 /* Base */,
			);
			name = Main.storyboard;
			sourceTree = "<group>";
		};
		8CD7B6001BCB877E005213F5 /* LaunchScreen.xib */ = {
			isa = PBXVariantGroup;
			children = (
				8CD7B6011BCB877E005213F5 /* Base */,
			);
			name = LaunchScreen.xib;
			sourceTree = "<group>";
		};
/* End PBXVariantGroup section */

/* Begin XCBuildConfiguration section */
		8CD7B60F1BCB877E005213F5 /* Debug */ = {
			isa = XCBuildConfiguration;
			buildSettings = {
				ALWAYS_SEARCH_USER_PATHS = NO;
				CLANG_CXX_LANGUAGE_STANDARD = "gnu++0x";
				CLANG_CXX_LIBRARY = "libc++";
				CLANG_ENABLE_MODULES = YES;
				CLANG_ENABLE_OBJC_ARC = YES;
				CLANG_WARN_BOOL_CONVERSION = YES;
				CLANG_WARN_CONSTANT_CONVERSION = YES;
				CLANG_WARN_DIRECT_OBJC_ISA_USAGE = YES_ERROR;
				CLANG_WARN_EMPTY_BODY = YES;
				CLANG_WARN_ENUM_CONVERSION = YES;
				CLANG_WARN_INT_CONVERSION = YES;
				CLANG_WARN_OBJC_ROOT_CLASS = YES_ERROR;
				CLANG_WARN_UNREACHABLE_CODE = YES;
				CLANG_WARN__DUPLICATE_METHOD_MATCH = YES;
				"CODE_SIGN_IDENTITY[sdk=iphoneos*]" = "iPhone Developer";
				COPY_PHASE_STRIP = NO;
				DEBUG_INFORMATION_FORMAT = "dwarf-with-dsym";
				ENABLE_STRICT_OBJC_MSGSEND = YES;
				GCC_C_LANGUAGE_STANDARD = gnu99;
				GCC_DYNAMIC_NO_PIC = NO;
				GCC_NO_COMMON_BLOCKS = YES;
				GCC_OPTIMIZATION_LEVEL = 0;
				GCC_PREPROCESSOR_DEFINITIONS = (
					"DEBUG=1",
					"$(inherited)",
				);
				GCC_SYMBOLS_PRIVATE_EXTERN = NO;
				GCC_WARN_64_TO_32_BIT_CONVERSION = YES;
				GCC_WARN_ABOUT_RETURN_TYPE = YES_ERROR;
				GCC_WARN_UNDECLARED_SELECTOR = YES;
				GCC_WARN_UNINITIALIZED_AUTOS = YES_AGGRESSIVE;
				GCC_WARN_UNUSED_FUNCTION = YES;
				GCC_WARN_UNUSED_VARIABLE = YES;
				IPHONEOS_DEPLOYMENT_TARGET = 8.3;
				MTL_ENABLE_DEBUG_INFO = YES;
				ONLY_ACTIVE_ARCH = YES;
				SDKROOT = iphoneos;
				TARGETED_DEVICE_FAMILY = "1,2";
			};
			name = Debug;
		};
		8CD7B6101BCB877E005213F5 /* Release */ = {
			isa = XCBuildConfiguration;
			buildSettings = {
				ALWAYS_SEARCH_USER_PATHS = NO;
				CLANG_CXX_LANGUAGE_STANDARD = "gnu++0x";
				CLANG_CXX_LIBRARY = "libc++";
				CLANG_ENABLE_MODULES = YES;
				CLANG_ENABLE_OBJC_ARC = YES;
				CLANG_WARN_BOOL_CONVERSION = YES;
				CLANG_WARN_CONSTANT_CONVERSION = YES;
				CLANG_WARN_DIRECT_OBJC_ISA_USAGE = YES_ERROR;
				CLANG_WARN_EMPTY_BODY = YES;
				CLANG_WARN_ENUM_CONVERSION = YES;
				CLANG_WARN_INT_CONVERSION = YES;
				CLANG_WARN_OBJC_ROOT_CLASS = YES_ERROR;
				CLANG_WARN_UNREACHABLE_CODE = YES;
				CLANG_WARN__DUPLICATE_METHOD_MATCH = YES;
				"CODE_SIGN_IDENTITY[sdk=iphoneos*]" = "iPhone Developer";
				COPY_PHASE_STRIP = NO;
				DEBUG_INFORMATION_FORMAT = "dwarf-with-dsym";
				ENABLE_NS_ASSERTIONS = NO;
				ENABLE_STRICT_OBJC_MSGSEND = YES;
				GCC_C_LANGUAGE_STANDARD = gnu99;
				GCC_NO_COMMON_BLOCKS = YES;
				GCC_WARN_64_TO_32_BIT_CONVERSION = YES;
				GCC_WARN_ABOUT_RETURN_TYPE = YES_ERROR;
				GCC_WARN_UNDECLARED_SELECTOR = YES;
				GCC_WARN_UNINITIALIZED_AUTOS = YES_AGGRESSIVE;
				GCC_WARN_UNUSED_FUNCTION = YES;
				GCC_WARN_UNUSED_VARIABLE = YES;
				IPHONEOS_DEPLOYMENT_TARGET = 8.3;
				MTL_ENABLE_DEBUG_INFO = NO;
				SDKROOT = iphoneos;
				TARGETED_DEVICE_FAMILY = "1,2";
				VALIDATE_PRODUCT = YES;
			};
			name = Release;
		};
		8CD7B6121BCB877E005213F5 /* Debug */ = {
			isa = XCBuildConfiguration;
			buildSettings = {
				ASSETCATALOG_COMPILER_APPICON_NAME = AppIcon;
				INFOPLIST_FILE = MapKitTest/Info.plist;
				LD_RUNPATH_SEARCH_PATHS = "$(inherited) @executable_path/Frameworks";
				PRODUCT_NAME = "$(TARGET_NAME)";
			};
			name = Debug;
		};
		8CD7B6131BCB877E005213F5 /* Release */ = {
			isa = XCBuildConfiguration;
			buildSettings = {
				ASSETCATALOG_COMPILER_APPICON_NAME = AppIcon;
				INFOPLIST_FILE = MapKitTest/Info.plist;
				LD_RUNPATH_SEARCH_PATHS = "$(inherited) @executable_path/Frameworks";
				PRODUCT_NAME = "$(TARGET_NAME)";
			};
			name = Release;
		};
		8CD7B6151BCB877E005213F5 /* Debug */ = {
			isa = XCBuildConfiguration;
			buildSettings = {
				BUNDLE_LOADER = "$(TEST_HOST)";
				FRAMEWORK_SEARCH_PATHS = (
					"$(SDKROOT)/Developer/Library/Frameworks",
					"$(inherited)",
				);
				GCC_PREPROCESSOR_DEFINITIONS = (
					"DEBUG=1",
					"$(inherited)",
				);
				INFOPLIST_FILE = MapKitTestTests/Info.plist;
				LD_RUNPATH_SEARCH_PATHS = "$(inherited) @executable_path/Frameworks @loader_path/Frameworks";
				PRODUCT_NAME = "$(TARGET_NAME)";
				TEST_HOST = "$(BUILT_PRODUCTS_DIR)/MapKitTest.app/MapKitTest";
			};
			name = Debug;
		};
		8CD7B6161BCB877E005213F5 /* Release */ = {
			isa = XCBuildConfiguration;
			buildSettings = {
				BUNDLE_LOADER = "$(TEST_HOST)";
				FRAMEWORK_SEARCH_PATHS = (
					"$(SDKROOT)/Developer/Library/Frameworks",
					"$(inherited)",
				);
				INFOPLIST_FILE = MapKitTestTests/Info.plist;
				LD_RUNPATH_SEARCH_PATHS = "$(inherited) @executable_path/Frameworks @loader_path/Frameworks";
				PRODUCT_NAME = "$(TARGET_NAME)";
				TEST_HOST = "$(BUILT_PRODUCTS_DIR)/MapKitTest.app/MapKitTest";
			};
			name = Release;
		};
/* End XCBuildConfiguration section */

/* Begin XCConfigurationList section */
		8CD7B5E61BCB877D005213F5 /* Build configuration list for PBXProject "MapKitTest" */ = {
			isa = XCConfigurationList;
			buildConfigurations = (
				8CD7B60F1BCB877E005213F5 /* Debug */,
				8CD7B6101BCB877E005213F5 /* Release */,
			);
			defaultConfigurationIsVisible = 0;
			defaultConfigurationName = Release;
		};
		8CD7B6111BCB877E005213F5 /* Build configuration list for PBXNativeTarget "MapKitTest" */ = {
			isa = XCConfigurationList;
			buildConfigurations = (
				8CD7B6121BCB877E005213F5 /* Debug */,
				8CD7B6131BCB877E005213F5 /* Release */,
			);
			defaultConfigurationIsVisible = 0;
		};
		8CD7B6141BCB877E005213F5 /* Build configuration list for PBXNativeTarget "MapKitTestTests" */ = {
			isa = XCConfigurationList;
			buildConfigurations = (
				8CD7B6151BCB877E005213F5 /* Debug */,
				8CD7B6161BCB877E005213F5 /* Release */,
			);
			defaultConfigurationIsVisible = 0;
		};
/* End XCConfigurationList section */

/* Begin XCVersionGroup section */
		8CD7B5F51BCB877D005213F5 /* MapKitTest.xcdatamodeld */ = {
			isa = XCVersionGroup;
			children = (
				8CD7B5F61BCB877D005213F5 /* MapKitTest.xcdatamodel */,
			);
			currentVersion = 8CD7B5F61BCB877D005213F5 /* MapKitTest.xcdatamodel */;
			path = MapKitTest.xcdatamodeld;
			sourceTree = "<group>";
			versionGroupType = wrapper.xcdatamodel;
		};
/* End XCVersionGroup section */
	};
	rootObject = 8CD7B5E31BCB877D005213F5 /* Project object */;
}
