// !$*UTF8*$!
{
	archiveVersion = 1;
	classes = {
	};
	objectVersion = 46;
	objects = {

/* Begin PBXBuildFile section */
		8C557B701B9D9FC400DE932C /* main.m in Sources */ = {isa = PBXBuildFile; fileRef = 8C557B6F1B9D9FC400DE932C /* main.m */; };
		8C557B731B9D9FC400DE932C /* AppDelegate.m in Sources */ = {isa = PBXBuildFile; fileRef = 8C557B721B9D9FC400DE932C /* AppDelegate.m */; };
		8C557B761B9D9FC400DE932C /* ViewController.m in Sources */ = {isa = PBXBuildFile; fileRef = 8C557B751B9D9FC400DE932C /* ViewController.m */; };
		8C557B791B9D9FC400DE932C /* Main.storyboard in Resources */ = {isa = PBXBuildFile; fileRef = 8C557B771B9D9FC400DE932C /* Main.storyboard */; };
		8C557B7B1B9D9FC400DE932C /* Images.xcassets in Resources */ = {isa = PBXBuildFile; fileRef = 8C557B7A1B9D9FC400DE932C /* Images.xcassets */; };
		8C557B7E1B9D9FC400DE932C /* LaunchScreen.xib in Resources */ = {isa = PBXBuildFile; fileRef = 8C557B7C1B9D9FC400DE932C /* LaunchScreen.xib */; };
		8C557B8A1B9D9FC500DE932C /* AutoLayoutTest1Tests.m in Sources */ = {isa = PBXBuildFile; fileRef = 8C557B891B9D9FC500DE932C /* AutoLayoutTest1Tests.m */; };
/* End PBXBuildFile section */

/* Begin PBXContainerItemProxy section */
		8C557B841B9D9FC500DE932C /* PBXContainerItemProxy */ = {
			isa = PBXContainerItemProxy;
			containerPortal = 8C557B621B9D9FC400DE932C /* Project object */;
			proxyType = 1;
			remoteGlobalIDString = 8C557B691B9D9FC400DE932C;
			remoteInfo = AutoLayoutTest1;
		};
/* End PBXContainerItemProxy section */

/* Begin PBXFileReference section */
		8C557B6A1B9D9FC400DE932C /* AutoLayoutTest1.app */ = {isa = PBXFileReference; explicitFileType = wrapper.application; includeInIndex = 0; path = AutoLayoutTest1.app; sourceTree = BUILT_PRODUCTS_DIR; };
		8C557B6E1B9D9FC400DE932C /* Info.plist */ = {isa = PBXFileReference; lastKnownFileType = text.plist.xml; path = Info.plist; sourceTree = "<group>"; };
		8C557B6F1B9D9FC400DE932C /* main.m */ = {isa = PBXFileReference; lastKnownFileType = sourcecode.c.objc; path = main.m; sourceTree = "<group>"; };
		8C557B711B9D9FC400DE932C /* AppDelegate.h */ = {isa = PBXFileReference; lastKnownFileType = sourcecode.c.h; path = AppDelegate.h; sourceTree = "<group>"; };
		8C557B721B9D9FC400DE932C /* AppDelegate.m */ = {isa = PBXFileReference; lastKnownFileType = sourcecode.c.objc; path = AppDelegate.m; sourceTree = "<group>"; };
		8C557B741B9D9FC400DE932C /* ViewController.h */ = {isa = PBXFileReference; lastKnownFileType = sourcecode.c.h; path = ViewController.h; sourceTree = "<group>"; };
		8C557B751B9D9FC400DE932C /* ViewController.m */ = {isa = PBXFileReference; lastKnownFileType = sourcecode.c.objc; path = ViewController.m; sourceTree = "<group>"; };
		8C557B781B9D9FC400DE932C /* Base */ = {isa = PBXFileReference; lastKnownFileType = file.storyboard; name = Base; path = Base.lproj/Main.storyboard; sourceTree = "<group>"; };
		8C557B7A1B9D9FC400DE932C /* Images.xcassets */ = {isa = PBXFileReference; lastKnownFileType = folder.assetcatalog; path = Images.xcassets; sourceTree = "<group>"; };
		8C557B7D1B9D9FC400DE932C /* Base */ = {isa = PBXFileReference; lastKnownFileType = file.xib; name = Base; path = Base.lproj/LaunchScreen.xib; sourceTree = "<group>"; };
		8C557B831B9D9FC500DE932C /* AutoLayoutTest1Tests.xctest */ = {isa = PBXFileReference; explicitFileType = wrapper.cfbundle; includeInIndex = 0; path = AutoLayoutTest1Tests.xctest; sourceTree = BUILT_PRODUCTS_DIR; };
		8C557B881B9D9FC500DE932C /* Info.plist */ = {isa = PBXFileReference; lastKnownFileType = text.plist.xml; path = Info.plist; sourceTree = "<group>"; };
		8C557B891B9D9FC500DE932C /* AutoLayoutTest1Tests.m */ = {isa = PBXFileReference; lastKnownFileType = sourcecode.c.objc; path = AutoLayoutTest1Tests.m; sourceTree = "<group>"; };
/* End PBXFileReference section */

/* Begin PBXFrameworksBuildPhase section */
		8C557B671B9D9FC400DE932C /* Frameworks */ = {
			isa = PBXFrameworksBuildPhase;
			buildActionMask = 2147483647;
			files = (
			);
			runOnlyForDeploymentPostprocessing = 0;
		};
		8C557B801B9D9FC500DE932C /* Frameworks */ = {
			isa = PBXFrameworksBuildPhase;
			buildActionMask = 2147483647;
			files = (
			);
			runOnlyForDeploymentPostprocessing = 0;
		};
/* End PBXFrameworksBuildPhase section */

/* Begin PBXGroup section */
		8C557B611B9D9FC400DE932C = {
			isa = PBXGroup;
			children = (
				8C557B6C1B9D9FC400DE932C /* AutoLayoutTest1 */,
				8C557B861B9D9FC500DE932C /* AutoLayoutTest1Tests */,
				8C557B6B1B9D9FC400DE932C /* Products */,
			);
			sourceTree = "<group>";
		};
		8C557B6B1B9D9FC400DE932C /* Products */ = {
			isa = PBXGroup;
			children = (
				8C557B6A1B9D9FC400DE932C /* AutoLayoutTest1.app */,
				8C557B831B9D9FC500DE932C /* AutoLayoutTest1Tests.xctest */,
			);
			name = Products;
			sourceTree = "<group>";
		};
		8C557B6C1B9D9FC400DE932C /* AutoLayoutTest1 */ = {
			isa = PBXGroup;
			children = (
				8C557B711B9D9FC400DE932C /* AppDelegate.h */,
				8C557B721B9D9FC400DE932C /* AppDelegate.m */,
				8C557B741B9D9FC400DE932C /* ViewController.h */,
				8C557B751B9D9FC400DE932C /* ViewController.m */,
				8C557B771B9D9FC400DE932C /* Main.storyboard */,
				8C557B7A1B9D9FC400DE932C /* Images.xcassets */,
				8C557B7C1B9D9FC400DE932C /* LaunchScreen.xib */,
				8C557B6D1B9D9FC400DE932C /* Supporting Files */,
			);
			path = AutoLayoutTest1;
			sourceTree = "<group>";
		};
		8C557B6D1B9D9FC400DE932C /* Supporting Files */ = {
			isa = PBXGroup;
			children = (
				8C557B6E1B9D9FC400DE932C /* Info.plist */,
				8C557B6F1B9D9FC400DE932C /* main.m */,
			);
			name = "Supporting Files";
			sourceTree = "<group>";
		};
		8C557B861B9D9FC500DE932C /* AutoLayoutTest1Tests */ = {
			isa = PBXGroup;
			children = (
				8C557B891B9D9FC500DE932C /* AutoLayoutTest1Tests.m */,
				8C557B871B9D9FC500DE932C /* Supporting Files */,
			);
			path = AutoLayoutTest1Tests;
			sourceTree = "<group>";
		};
		8C557B871B9D9FC500DE932C /* Supporting Files */ = {
			isa = PBXGroup;
			children = (
				8C557B881B9D9FC500DE932C /* Info.plist */,
			);
			name = "Supporting Files";
			sourceTree = "<group>";
		};
/* End PBXGroup section */

/* Begin PBXNativeTarget section */
		8C557B691B9D9FC400DE932C /* AutoLayoutTest1 */ = {
			isa = PBXNativeTarget;
			buildConfigurationList = 8C557B8D1B9D9FC500DE932C /* Build configuration list for PBXNativeTarget "AutoLayoutTest1" */;
			buildPhases = (
				8C557B661B9D9FC400DE932C /* Sources */,
				8C557B671B9D9FC400DE932C /* Frameworks */,
				8C557B681B9D9FC400DE932C /* Resources */,
			);
			buildRules = (
			);
			dependencies = (
			);
			name = AutoLayoutTest1;
			productName = AutoLayoutTest1;
			productReference = 8C557B6A1B9D9FC400DE932C /* AutoLayoutTest1.app */;
			productType = "com.apple.product-type.application";
		};
		8C557B821B9D9FC500DE932C /* AutoLayoutTest1Tests */ = {
			isa = PBXNativeTarget;
			buildConfigurationList = 8C557B901B9D9FC500DE932C /* Build configuration list for PBXNativeTarget "AutoLayoutTest1Tests" */;
			buildPhases = (
				8C557B7F1B9D9FC500DE932C /* Sources */,
				8C557B801B9D9FC500DE932C /* Frameworks */,
				8C557B811B9D9FC500DE932C /* Resources */,
			);
			buildRules = (
			);
			dependencies = (
				8C557B851B9D9FC500DE932C /* PBXTargetDependency */,
			);
			name = AutoLayoutTest1Tests;
			productName = AutoLayoutTest1Tests;
			productReference = 8C557B831B9D9FC500DE932C /* AutoLayoutTest1Tests.xctest */;
			productType = "com.apple.product-type.bundle.unit-test";
		};
/* End PBXNativeTarget section */

/* Begin PBXProject section */
		8C557B621B9D9FC400DE932C /* Project object */ = {
			isa = PBXProject;
			attributes = {
				LastUpgradeCheck = 0630;
				ORGANIZATIONNAME = Apple;
				TargetAttributes = {
					8C557B691B9D9FC400DE932C = {
						CreatedOnToolsVersion = 6.3.2;
					};
					8C557B821B9D9FC500DE932C = {
						CreatedOnToolsVersion = 6.3.2;
						TestTargetID = 8C557B691B9D9FC400DE932C;
					};
				};
			};
			buildConfigurationList = 8C557B651B9D9FC400DE932C /* Build configuration list for PBXProject "AutoLayoutTest1" */;
			compatibilityVersion = "Xcode 3.2";
			developmentRegion = English;
			hasScannedForEncodings = 0;
			knownRegions = (
				en,
				Base,
			);
			mainGroup = 8C557B611B9D9FC400DE932C;
			productRefGroup = 8C557B6B1B9D9FC400DE932C /* Products */;
			projectDirPath = "";
			projectRoot = "";
			targets = (
				8C557B691B9D9FC400DE932C /* AutoLayoutTest1 */,
				8C557B821B9D9FC500DE932C /* AutoLayoutTest1Tests */,
			);
		};
/* End PBXProject section */

/* Begin PBXResourcesBuildPhase section */
		8C557B681B9D9FC400DE932C /* Resources */ = {
			isa = PBXResourcesBuildPhase;
			buildActionMask = 2147483647;
			files = (
				8C557B791B9D9FC400DE932C /* Main.storyboard in Resources */,
				8C557B7E1B9D9FC400DE932C /* LaunchScreen.xib in Resources */,
				8C557B7B1B9D9FC400DE932C /* Images.xcassets in Resources */,
			);
			runOnlyForDeploymentPostprocessing = 0;
		};
		8C557B811B9D9FC500DE932C /* Resources */ = {
			isa = PBXResourcesBuildPhase;
			buildActionMask = 2147483647;
			files = (
			);
			runOnlyForDeploymentPostprocessing = 0;
		};
/* End PBXResourcesBuildPhase section */

/* Begin PBXSourcesBuildPhase section */
		8C557B661B9D9FC400DE932C /* Sources */ = {
			isa = PBXSourcesBuildPhase;
			buildActionMask = 2147483647;
			files = (
				8C557B761B9D9FC400DE932C /* ViewController.m in Sources */,
				8C557B731B9D9FC400DE932C /* AppDelegate.m in Sources */,
				8C557B701B9D9FC400DE932C /* main.m in Sources */,
			);
			runOnlyForDeploymentPostprocessing = 0;
		};
		8C557B7F1B9D9FC500DE932C /* Sources */ = {
			isa = PBXSourcesBuildPhase;
			buildActionMask = 2147483647;
			files = (
				8C557B8A1B9D9FC500DE932C /* AutoLayoutTest1Tests.m in Sources */,
			);
			runOnlyForDeploymentPostprocessing = 0;
		};
/* End PBXSourcesBuildPhase section */

/* Begin PBXTargetDependency section */
		8C557B851B9D9FC500DE932C /* PBXTargetDependency */ = {
			isa = PBXTargetDependency;
			target = 8C557B691B9D9FC400DE932C /* AutoLayoutTest1 */;
			targetProxy = 8C557B841B9D9FC500DE932C /* PBXContainerItemProxy */;
		};
/* End PBXTargetDependency section */

/* Begin PBXVariantGroup section */
		8C557B771B9D9FC400DE932C /* Main.storyboard */ = {
			isa = PBXVariantGroup;
			children = (
				8C557B781B9D9FC400DE932C /* Base */,
			);
			name = Main.storyboard;
			sourceTree = "<group>";
		};
		8C557B7C1B9D9FC400DE932C /* LaunchScreen.xib */ = {
			isa = PBXVariantGroup;
			children = (
				8C557B7D1B9D9FC400DE932C /* Base */,
			);
			name = LaunchScreen.xib;
			sourceTree = "<group>";
		};
/* End PBXVariantGroup section */

/* Begin XCBuildConfiguration section */
		8C557B8B1B9D9FC500DE932C /* Debug */ = {
			isa = XCBuildConfiguration;
			buildSettings = {
				ALWAYS_SEARCH_USER_PATHS = NO;
				CLANG_CXX_LANGUAGE_STANDARD = "gnu++0x";
				CLANG_CXX_LIBRARY = "libc++";
				CLANG_ENABLE_MODULES = YES;
				CLANG_ENABLE_OBJC_ARC = YES;
				CLANG_WARN_BOOL_CONVERSION = YES;
				CLANG_WARN_CONSTANT_CONVERSION = YES;
				CLANG_WARN_DIRECT_OBJC_ISA_USAGE = YES_ERROR;
				CLANG_WARN_EMPTY_BODY = YES;
				CLANG_WARN_ENUM_CONVERSION = YES;
				CLANG_WARN_INT_CONVERSION = YES;
				CLANG_WARN_OBJC_ROOT_CLASS = YES_ERROR;
				CLANG_WARN_UNREACHABLE_CODE = YES;
				CLANG_WARN__DUPLICATE_METHOD_MATCH = YES;
				"CODE_SIGN_IDENTITY[sdk=iphoneos*]" = "iPhone Developer";
				COPY_PHASE_STRIP = NO;
				DEBUG_INFORMATION_FORMAT = "dwarf-with-dsym";
				ENABLE_STRICT_OBJC_MSGSEND = YES;
				GCC_C_LANGUAGE_STANDARD = gnu99;
				GCC_DYNAMIC_NO_PIC = NO;
				GCC_NO_COMMON_BLOCKS = YES;
				GCC_OPTIMIZATION_LEVEL = 0;
				GCC_PREPROCESSOR_DEFINITIONS = (
					"DEBUG=1",
					"$(inherited)",
				);
				GCC_SYMBOLS_PRIVATE_EXTERN = NO;
				GCC_WARN_64_TO_32_BIT_CONVERSION = YES;
				GCC_WARN_ABOUT_RETURN_TYPE = YES_ERROR;
				GCC_WARN_UNDECLARED_SELECTOR = YES;
				GCC_WARN_UNINITIALIZED_AUTOS = YES_AGGRESSIVE;
				GCC_WARN_UNUSED_FUNCTION = YES;
				GCC_WARN_UNUSED_VARIABLE = YES;
				IPHONEOS_DEPLOYMENT_TARGET = 8.3;
				MTL_ENABLE_DEBUG_INFO = YES;
				ONLY_ACTIVE_ARCH = YES;
				SDKROOT = iphoneos;
				TARGETED_DEVICE_FAMILY = "1,2";
			};
			name = Debug;
		};
		8C557B8C1B9D9FC500DE932C /* Release */ = {
			isa = XCBuildConfiguration;
			buildSettings = {
				ALWAYS_SEARCH_USER_PATHS = NO;
				CLANG_CXX_LANGUAGE_STANDARD = "gnu++0x";
				CLANG_CXX_LIBRARY = "libc++";
				CLANG_ENABLE_MODULES = YES;
				CLANG_ENABLE_OBJC_ARC = YES;
				CLANG_WARN_BOOL_CONVERSION = YES;
				CLANG_WARN_CONSTANT_CONVERSION = YES;
				CLANG_WARN_DIRECT_OBJC_ISA_USAGE = YES_ERROR;
				CLANG_WARN_EMPTY_BODY = YES;
				CLANG_WARN_ENUM_CONVERSION = YES;
				CLANG_WARN_INT_CONVERSION = YES;
				CLANG_WARN_OBJC_ROOT_CLASS = YES_ERROR;
				CLANG_WARN_UNREACHABLE_CODE = YES;
				CLANG_WARN__DUPLICATE_METHOD_MATCH = YES;
				"CODE_SIGN_IDENTITY[sdk=iphoneos*]" = "iPhone Developer";
				COPY_PHASE_STRIP = NO;
				DEBUG_INFORMATION_FORMAT = "dwarf-with-dsym";
				ENABLE_NS_ASSERTIONS = NO;
				ENABLE_STRICT_OBJC_MSGSEND = YES;
				GCC_C_LANGUAGE_STANDARD = gnu99;
				GCC_NO_COMMON_BLOCKS = YES;
				GCC_WARN_64_TO_32_BIT_CONVERSION = YES;
				GCC_WARN_ABOUT_RETURN_TYPE = YES_ERROR;
				GCC_WARN_UNDECLARED_SELECTOR = YES;
				GCC_WARN_UNINITIALIZED_AUTOS = YES_AGGRESSIVE;
				GCC_WARN_UNUSED_FUNCTION = YES;
				GCC_WARN_UNUSED_VARIABLE = YES;
				IPHONEOS_DEPLOYMENT_TARGET = 8.3;
				MTL_ENABLE_DEBUG_INFO = NO;
				SDKROOT = iphoneos;
				TARGETED_DEVICE_FAMILY = "1,2";
				VALIDATE_PRODUCT = YES;
			};
			name = Release;
		};
		8C557B8E1B9D9FC500DE932C /* Debug */ = {
			isa = XCBuildConfiguration;
			buildSettings = {
				ASSETCATALOG_COMPILER_APPICON_NAME = AppIcon;
				INFOPLIST_FILE = AutoLayoutTest1/Info.plist;
				LD_RUNPATH_SEARCH_PATHS = "$(inherited) @executable_path/Frameworks";
				PRODUCT_NAME = "$(TARGET_NAME)";
			};
			name = Debug;
		};
		8C557B8F1B9D9FC500DE932C /* Release */ = {
			isa = XCBuildConfiguration;
			buildSettings = {
				ASSETCATALOG_COMPILER_APPICON_NAME = AppIcon;
				INFOPLIST_FILE = AutoLayoutTest1/Info.plist;
				LD_RUNPATH_SEARCH_PATHS = "$(inherited) @executable_path/Frameworks";
				PRODUCT_NAME = "$(TARGET_NAME)";
			};
			name = Release;
		};
		8C557B911B9D9FC500DE932C /* Debug */ = {
			isa = XCBuildConfiguration;
			buildSettings = {
				BUNDLE_LOADER = "$(TEST_HOST)";
				FRAMEWORK_SEARCH_PATHS = (
					"$(SDKROOT)/Developer/Library/Frameworks",
					"$(inherited)",
				);
				GCC_PREPROCESSOR_DEFINITIONS = (
					"DEBUG=1",
					"$(inherited)",
				);
				INFOPLIST_FILE = AutoLayoutTest1Tests/Info.plist;
				LD_RUNPATH_SEARCH_PATHS = "$(inherited) @executable_path/Frameworks @loader_path/Frameworks";
				PRODUCT_NAME = "$(TARGET_NAME)";
				TEST_HOST = "$(BUILT_PRODUCTS_DIR)/AutoLayoutTest1.app/AutoLayoutTest1";
			};
			name = Debug;
		};
		8C557B921B9D9FC500DE932C /* Release */ = {
			isa = XCBuildConfiguration;
			buildSettings = {
				BUNDLE_LOADER = "$(TEST_HOST)";
				FRAMEWORK_SEARCH_PATHS = (
					"$(SDKROOT)/Developer/Library/Frameworks",
					"$(inherited)",
				);
				INFOPLIST_FILE = AutoLayoutTest1Tests/Info.plist;
				LD_RUNPATH_SEARCH_PATHS = "$(inherited) @executable_path/Frameworks @loader_path/Frameworks";
				PRODUCT_NAME = "$(TARGET_NAME)";
				TEST_HOST = "$(BUILT_PRODUCTS_DIR)/AutoLayoutTest1.app/AutoLayoutTest1";
			};
			name = Release;
		};
/* End XCBuildConfiguration section */

/* Begin XCConfigurationList section */
		8C557B651B9D9FC400DE932C /* Build configuration list for PBXProject "AutoLayoutTest1" */ = {
			isa = XCConfigurationList;
			buildConfigurations = (
				8C557B8B1B9D9FC500DE932C /* Debug */,
				8C557B8C1B9D9FC500DE932C /* Release */,
			);
			defaultConfigurationIsVisible = 0;
			defaultConfigurationName = Release;
		};
		8C557B8D1B9D9FC500DE932C /* Build configuration list for PBXNativeTarget "AutoLayoutTest1" */ = {
			isa = XCConfigurationList;
			buildConfigurations = (
				8C557B8E1B9D9FC500DE932C /* Debug */,
				8C557B8F1B9D9FC500DE932C /* Release */,
			);
			defaultConfigurationIsVisible = 0;
		};
		8C557B901B9D9FC500DE932C /* Build configuration list for PBXNativeTarget "AutoLayoutTest1Tests" */ = {
			isa = XCConfigurationList;
			buildConfigurations = (
				8C557B911B9D9FC500DE932C /* Debug */,
				8C557B921B9D9FC500DE932C /* Release */,
			);
			defaultConfigurationIsVisible = 0;
		};
/* End XCConfigurationList section */
	};
	rootObject = 8C557B621B9D9FC400DE932C /* Project object */;
}
