// !$*UTF8*$!
{
	archiveVersion = 1;
	classes = {
	};
	objectVersion = 46;
	objects = {

/* Begin PBXBuildFile section */
		8CC9F5071B9575B100F62297 /* main.m in Sources */ = {isa = PBXBuildFile; fileRef = 8CC9F5061B9575B100F62297 /* main.m */; };
		8CC9F50A1B9575B100F62297 /* AppDelegate.m in Sources */ = {isa = PBXBuildFile; fileRef = 8CC9F5091B9575B100F62297 /* AppDelegate.m */; };
		8CC9F50D1B9575B100F62297 /* ViewController.m in Sources */ = {isa = PBXBuildFile; fileRef = 8CC9F50C1B9575B100F62297 /* ViewController.m */; };
		8CC9F5101B9575B100F62297 /* Main.storyboard in Resources */ = {isa = PBXBuildFile; fileRef = 8CC9F50E1B9575B100F62297 /* Main.storyboard */; };
		8CC9F5121B9575B100F62297 /* Images.xcassets in Resources */ = {isa = PBXBuildFile; fileRef = 8CC9F5111B9575B100F62297 /* Images.xcassets */; };
		8CC9F5151B9575B100F62297 /* LaunchScreen.xib in Resources */ = {isa = PBXBuildFile; fileRef = 8CC9F5131B9575B100F62297 /* LaunchScreen.xib */; };
		8CC9F5211B9575B100F62297 /* ChangeButtonNameUsingCodeTests.m in Sources */ = {isa = PBXBuildFile; fileRef = 8CC9F5201B9575B100F62297 /* ChangeButtonNameUsingCodeTests.m */; };
/* End PBXBuildFile section */

/* Begin PBXContainerItemProxy section */
		8CC9F51B1B9575B100F62297 /* PBXContainerItemProxy */ = {
			isa = PBXContainerItemProxy;
			containerPortal = 8CC9F4F91B9575B100F62297 /* Project object */;
			proxyType = 1;
			remoteGlobalIDString = 8CC9F5001B9575B100F62297;
			remoteInfo = ChangeButtonNameUsingCode;
		};
/* End PBXContainerItemProxy section */

/* Begin PBXFileReference section */
		8CC9F5011B9575B100F62297 /* ChangeButtonNameUsingCode.app */ = {isa = PBXFileReference; explicitFileType = wrapper.application; includeInIndex = 0; path = ChangeButtonNameUsingCode.app; sourceTree = BUILT_PRODUCTS_DIR; };
		8CC9F5051B9575B100F62297 /* Info.plist */ = {isa = PBXFileReference; lastKnownFileType = text.plist.xml; path = Info.plist; sourceTree = "<group>"; };
		8CC9F5061B9575B100F62297 /* main.m */ = {isa = PBXFileReference; lastKnownFileType = sourcecode.c.objc; path = main.m; sourceTree = "<group>"; };
		8CC9F5081B9575B100F62297 /* AppDelegate.h */ = {isa = PBXFileReference; lastKnownFileType = sourcecode.c.h; path = AppDelegate.h; sourceTree = "<group>"; };
		8CC9F5091B9575B100F62297 /* AppDelegate.m */ = {isa = PBXFileReference; lastKnownFileType = sourcecode.c.objc; path = AppDelegate.m; sourceTree = "<group>"; };
		8CC9F50B1B9575B100F62297 /* ViewController.h */ = {isa = PBXFileReference; lastKnownFileType = sourcecode.c.h; path = ViewController.h; sourceTree = "<group>"; };
		8CC9F50C1B9575B100F62297 /* ViewController.m */ = {isa = PBXFileReference; lastKnownFileType = sourcecode.c.objc; path = ViewController.m; sourceTree = "<group>"; };
		8CC9F50F1B9575B100F62297 /* Base */ = {isa = PBXFileReference; lastKnownFileType = file.storyboard; name = Base; path = Base.lproj/Main.storyboard; sourceTree = "<group>"; };
		8CC9F5111B9575B100F62297 /* Images.xcassets */ = {isa = PBXFileReference; lastKnownFileType = folder.assetcatalog; path = Images.xcassets; sourceTree = "<group>"; };
		8CC9F5141B9575B100F62297 /* Base */ = {isa = PBXFileReference; lastKnownFileType = file.xib; name = Base; path = Base.lproj/LaunchScreen.xib; sourceTree = "<group>"; };
		8CC9F51A1B9575B100F62297 /* ChangeButtonNameUsingCodeTests.xctest */ = {isa = PBXFileReference; explicitFileType = wrapper.cfbundle; includeInIndex = 0; path = ChangeButtonNameUsingCodeTests.xctest; sourceTree = BUILT_PRODUCTS_DIR; };
		8CC9F51F1B9575B100F62297 /* Info.plist */ = {isa = PBXFileReference; lastKnownFileType = text.plist.xml; path = Info.plist; sourceTree = "<group>"; };
		8CC9F5201B9575B100F62297 /* ChangeButtonNameUsingCodeTests.m */ = {isa = PBXFileReference; lastKnownFileType = sourcecode.c.objc; path = ChangeButtonNameUsingCodeTests.m; sourceTree = "<group>"; };
/* End PBXFileReference section */

/* Begin PBXFrameworksBuildPhase section */
		8CC9F4FE1B9575B100F62297 /* Frameworks */ = {
			isa = PBXFrameworksBuildPhase;
			buildActionMask = 2147483647;
			files = (
			);
			runOnlyForDeploymentPostprocessing = 0;
		};
		8CC9F5171B9575B100F62297 /* Frameworks */ = {
			isa = PBXFrameworksBuildPhase;
			buildActionMask = 2147483647;
			files = (
			);
			runOnlyForDeploymentPostprocessing = 0;
		};
/* End PBXFrameworksBuildPhase section */

/* Begin PBXGroup section */
		8CC9F4F81B9575B100F62297 = {
			isa = PBXGroup;
			children = (
				8CC9F5031B9575B100F62297 /* ChangeButtonNameUsingCode */,
				8CC9F51D1B9575B100F62297 /* ChangeButtonNameUsingCodeTests */,
				8CC9F5021B9575B100F62297 /* Products */,
			);
			sourceTree = "<group>";
		};
		8CC9F5021B9575B100F62297 /* Products */ = {
			isa = PBXGroup;
			children = (
				8CC9F5011B9575B100F62297 /* ChangeButtonNameUsingCode.app */,
				8CC9F51A1B9575B100F62297 /* ChangeButtonNameUsingCodeTests.xctest */,
			);
			name = Products;
			sourceTree = "<group>";
		};
		8CC9F5031B9575B100F62297 /* ChangeButtonNameUsingCode */ = {
			isa = PBXGroup;
			children = (
				8CC9F5081B9575B100F62297 /* AppDelegate.h */,
				8CC9F5091B9575B100F62297 /* AppDelegate.m */,
				8CC9F50B1B9575B100F62297 /* ViewController.h */,
				8CC9F50C1B9575B100F62297 /* ViewController.m */,
				8CC9F50E1B9575B100F62297 /* Main.storyboard */,
				8CC9F5111B9575B100F62297 /* Images.xcassets */,
				8CC9F5131B9575B100F62297 /* LaunchScreen.xib */,
				8CC9F5041B9575B100F62297 /* Supporting Files */,
			);
			path = ChangeButtonNameUsingCode;
			sourceTree = "<group>";
		};
		8CC9F5041B9575B100F62297 /* Supporting Files */ = {
			isa = PBXGroup;
			children = (
				8CC9F5051B9575B100F62297 /* Info.plist */,
				8CC9F5061B9575B100F62297 /* main.m */,
			);
			name = "Supporting Files";
			sourceTree = "<group>";
		};
		8CC9F51D1B9575B100F62297 /* ChangeButtonNameUsingCodeTests */ = {
			isa = PBXGroup;
			children = (
				8CC9F5201B9575B100F62297 /* ChangeButtonNameUsingCodeTests.m */,
				8CC9F51E1B9575B100F62297 /* Supporting Files */,
			);
			path = ChangeButtonNameUsingCodeTests;
			sourceTree = "<group>";
		};
		8CC9F51E1B9575B100F62297 /* Supporting Files */ = {
			isa = PBXGroup;
			children = (
				8CC9F51F1B9575B100F62297 /* Info.plist */,
			);
			name = "Supporting Files";
			sourceTree = "<group>";
		};
/* End PBXGroup section */

/* Begin PBXNativeTarget section */
		8CC9F5001B9575B100F62297 /* ChangeButtonNameUsingCode */ = {
			isa = PBXNativeTarget;
			buildConfigurationList = 8CC9F5241B9575B100F62297 /* Build configuration list for PBXNativeTarget "ChangeButtonNameUsingCode" */;
			buildPhases = (
				8CC9F4FD1B9575B100F62297 /* Sources */,
				8CC9F4FE1B9575B100F62297 /* Frameworks */,
				8CC9F4FF1B9575B100F62297 /* Resources */,
			);
			buildRules = (
			);
			dependencies = (
			);
			name = ChangeButtonNameUsingCode;
			productName = ChangeButtonNameUsingCode;
			productReference = 8CC9F5011B9575B100F62297 /* ChangeButtonNameUsingCode.app */;
			productType = "com.apple.product-type.application";
		};
		8CC9F5191B9575B100F62297 /* ChangeButtonNameUsingCodeTests */ = {
			isa = PBXNativeTarget;
			buildConfigurationList = 8CC9F5271B9575B100F62297 /* Build configuration list for PBXNativeTarget "ChangeButtonNameUsingCodeTests" */;
			buildPhases = (
				8CC9F5161B9575B100F62297 /* Sources */,
				8CC9F5171B9575B100F62297 /* Frameworks */,
				8CC9F5181B9575B100F62297 /* Resources */,
			);
			buildRules = (
			);
			dependencies = (
				8CC9F51C1B9575B100F62297 /* PBXTargetDependency */,
			);
			name = ChangeButtonNameUsingCodeTests;
			productName = ChangeButtonNameUsingCodeTests;
			productReference = 8CC9F51A1B9575B100F62297 /* ChangeButtonNameUsingCodeTests.xctest */;
			productType = "com.apple.product-type.bundle.unit-test";
		};
/* End PBXNativeTarget section */

/* Begin PBXProject section */
		8CC9F4F91B9575B100F62297 /* Project object */ = {
			isa = PBXProject;
			attributes = {
				LastUpgradeCheck = 0630;
				ORGANIZATIONNAME = Apple;
				TargetAttributes = {
					8CC9F5001B9575B100F62297 = {
						CreatedOnToolsVersion = 6.3.2;
					};
					8CC9F5191B9575B100F62297 = {
						CreatedOnToolsVersion = 6.3.2;
						TestTargetID = 8CC9F5001B9575B100F62297;
					};
				};
			};
			buildConfigurationList = 8CC9F4FC1B9575B100F62297 /* Build configuration list for PBXProject "ChangeButtonNameUsingCode" */;
			compatibilityVersion = "Xcode 3.2";
			developmentRegion = English;
			hasScannedForEncodings = 0;
			knownRegions = (
				en,
				Base,
			);
			mainGroup = 8CC9F4F81B9575B100F62297;
			productRefGroup = 8CC9F5021B9575B100F62297 /* Products */;
			projectDirPath = "";
			projectRoot = "";
			targets = (
				8CC9F5001B9575B100F62297 /* ChangeButtonNameUsingCode */,
				8CC9F5191B9575B100F62297 /* ChangeButtonNameUsingCodeTests */,
			);
		};
/* End PBXProject section */

/* Begin PBXResourcesBuildPhase section */
		8CC9F4FF1B9575B100F62297 /* Resources */ = {
			isa = PBXResourcesBuildPhase;
			buildActionMask = 2147483647;
			files = (
				8CC9F5101B9575B100F62297 /* Main.storyboard in Resources */,
				8CC9F5151B9575B100F62297 /* LaunchScreen.xib in Resources */,
				8CC9F5121B9575B100F62297 /* Images.xcassets in Resources */,
			);
			runOnlyForDeploymentPostprocessing = 0;
		};
		8CC9F5181B9575B100F62297 /* Resources */ = {
			isa = PBXResourcesBuildPhase;
			buildActionMask = 2147483647;
			files = (
			);
			runOnlyForDeploymentPostprocessing = 0;
		};
/* End PBXResourcesBuildPhase section */

/* Begin PBXSourcesBuildPhase section */
		8CC9F4FD1B9575B100F62297 /* Sources */ = {
			isa = PBXSourcesBuildPhase;
			buildActionMask = 2147483647;
			files = (
				8CC9F50D1B9575B100F62297 /* ViewController.m in Sources */,
				8CC9F50A1B9575B100F62297 /* AppDelegate.m in Sources */,
				8CC9F5071B9575B100F62297 /* main.m in Sources */,
			);
			runOnlyForDeploymentPostprocessing = 0;
		};
		8CC9F5161B9575B100F62297 /* Sources */ = {
			isa = PBXSourcesBuildPhase;
			buildActionMask = 2147483647;
			files = (
				8CC9F5211B9575B100F62297 /* ChangeButtonNameUsingCodeTests.m in Sources */,
			);
			runOnlyForDeploymentPostprocessing = 0;
		};
/* End PBXSourcesBuildPhase section */

/* Begin PBXTargetDependency section */
		8CC9F51C1B9575B100F62297 /* PBXTargetDependency */ = {
			isa = PBXTargetDependency;
			target = 8CC9F5001B9575B100F62297 /* ChangeButtonNameUsingCode */;
			targetProxy = 8CC9F51B1B9575B100F62297 /* PBXContainerItemProxy */;
		};
/* End PBXTargetDependency section */

/* Begin PBXVariantGroup section */
		8CC9F50E1B9575B100F62297 /* Main.storyboard */ = {
			isa = PBXVariantGroup;
			children = (
				8CC9F50F1B9575B100F62297 /* Base */,
			);
			name = Main.storyboard;
			sourceTree = "<group>";
		};
		8CC9F5131B9575B100F62297 /* LaunchScreen.xib */ = {
			isa = PBXVariantGroup;
			children = (
				8CC9F5141B9575B100F62297 /* Base */,
			);
			name = LaunchScreen.xib;
			sourceTree = "<group>";
		};
/* End PBXVariantGroup section */

/* Begin XCBuildConfiguration section */
		8CC9F5221B9575B100F62297 /* Debug */ = {
			isa = XCBuildConfiguration;
			buildSettings = {
				ALWAYS_SEARCH_USER_PATHS = NO;
				CLANG_CXX_LANGUAGE_STANDARD = "gnu++0x";
				CLANG_CXX_LIBRARY = "libc++";
				CLANG_ENABLE_MODULES = YES;
				CLANG_ENABLE_OBJC_ARC = YES;
				CLANG_WARN_BOOL_CONVERSION = YES;
				CLANG_WARN_CONSTANT_CONVERSION = YES;
				CLANG_WARN_DIRECT_OBJC_ISA_USAGE = YES_ERROR;
				CLANG_WARN_EMPTY_BODY = YES;
				CLANG_WARN_ENUM_CONVERSION = YES;
				CLANG_WARN_INT_CONVERSION = YES;
				CLANG_WARN_OBJC_ROOT_CLASS = YES_ERROR;
				CLANG_WARN_UNREACHABLE_CODE = YES;
				CLANG_WARN__DUPLICATE_METHOD_MATCH = YES;
				"CODE_SIGN_IDENTITY[sdk=iphoneos*]" = "iPhone Developer";
				COPY_PHASE_STRIP = NO;
				DEBUG_INFORMATION_FORMAT = "dwarf-with-dsym";
				ENABLE_STRICT_OBJC_MSGSEND = YES;
				GCC_C_LANGUAGE_STANDARD = gnu99;
				GCC_DYNAMIC_NO_PIC = NO;
				GCC_NO_COMMON_BLOCKS = YES;
				GCC_OPTIMIZATION_LEVEL = 0;
				GCC_PREPROCESSOR_DEFINITIONS = (
					"DEBUG=1",
					"$(inherited)",
				);
				GCC_SYMBOLS_PRIVATE_EXTERN = NO;
				GCC_WARN_64_TO_32_BIT_CONVERSION = YES;
				GCC_WARN_ABOUT_RETURN_TYPE = YES_ERROR;
				GCC_WARN_UNDECLARED_SELECTOR = YES;
				GCC_WARN_UNINITIALIZED_AUTOS = YES_AGGRESSIVE;
				GCC_WARN_UNUSED_FUNCTION = YES;
				GCC_WARN_UNUSED_VARIABLE = YES;
				IPHONEOS_DEPLOYMENT_TARGET = 8.3;
				MTL_ENABLE_DEBUG_INFO = YES;
				ONLY_ACTIVE_ARCH = YES;
				SDKROOT = iphoneos;
				TARGETED_DEVICE_FAMILY = "1,2";
			};
			name = Debug;
		};
		8CC9F5231B9575B100F62297 /* Release */ = {
			isa = XCBuildConfiguration;
			buildSettings = {
				ALWAYS_SEARCH_USER_PATHS = NO;
				CLANG_CXX_LANGUAGE_STANDARD = "gnu++0x";
				CLANG_CXX_LIBRARY = "libc++";
				CLANG_ENABLE_MODULES = YES;
				CLANG_ENABLE_OBJC_ARC = YES;
				CLANG_WARN_BOOL_CONVERSION = YES;
				CLANG_WARN_CONSTANT_CONVERSION = YES;
				CLANG_WARN_DIRECT_OBJC_ISA_USAGE = YES_ERROR;
				CLANG_WARN_EMPTY_BODY = YES;
				CLANG_WARN_ENUM_CONVERSION = YES;
				CLANG_WARN_INT_CONVERSION = YES;
				CLANG_WARN_OBJC_ROOT_CLASS = YES_ERROR;
				CLANG_WARN_UNREACHABLE_CODE = YES;
				CLANG_WARN__DUPLICATE_METHOD_MATCH = YES;
				"CODE_SIGN_IDENTITY[sdk=iphoneos*]" = "iPhone Developer";
				COPY_PHASE_STRIP = NO;
				DEBUG_INFORMATION_FORMAT = "dwarf-with-dsym";
				ENABLE_NS_ASSERTIONS = NO;
				ENABLE_STRICT_OBJC_MSGSEND = YES;
				GCC_C_LANGUAGE_STANDARD = gnu99;
				GCC_NO_COMMON_BLOCKS = YES;
				GCC_WARN_64_TO_32_BIT_CONVERSION = YES;
				GCC_WARN_ABOUT_RETURN_TYPE = YES_ERROR;
				GCC_WARN_UNDECLARED_SELECTOR = YES;
				GCC_WARN_UNINITIALIZED_AUTOS = YES_AGGRESSIVE;
				GCC_WARN_UNUSED_FUNCTION = YES;
				GCC_WARN_UNUSED_VARIABLE = YES;
				IPHONEOS_DEPLOYMENT_TARGET = 8.3;
				MTL_ENABLE_DEBUG_INFO = NO;
				SDKROOT = iphoneos;
				TARGETED_DEVICE_FAMILY = "1,2";
				VALIDATE_PRODUCT = YES;
			};
			name = Release;
		};
		8CC9F5251B9575B100F62297 /* Debug */ = {
			isa = XCBuildConfiguration;
			buildSettings = {
				ASSETCATALOG_COMPILER_APPICON_NAME = AppIcon;
				INFOPLIST_FILE = ChangeButtonNameUsingCode/Info.plist;
				LD_RUNPATH_SEARCH_PATHS = "$(inherited) @executable_path/Frameworks";
				PRODUCT_NAME = "$(TARGET_NAME)";
			};
			name = Debug;
		};
		8CC9F5261B9575B100F62297 /* Release */ = {
			isa = XCBuildConfiguration;
			buildSettings = {
				ASSETCATALOG_COMPILER_APPICON_NAME = AppIcon;
				INFOPLIST_FILE = ChangeButtonNameUsingCode/Info.plist;
				LD_RUNPATH_SEARCH_PATHS = "$(inherited) @executable_path/Frameworks";
				PRODUCT_NAME = "$(TARGET_NAME)";
			};
			name = Release;
		};
		8CC9F5281B9575B100F62297 /* Debug */ = {
			isa = XCBuildConfiguration;
			buildSettings = {
				BUNDLE_LOADER = "$(TEST_HOST)";
				FRAMEWORK_SEARCH_PATHS = (
					"$(SDKROOT)/Developer/Library/Frameworks",
					"$(inherited)",
				);
				GCC_PREPROCESSOR_DEFINITIONS = (
					"DEBUG=1",
					"$(inherited)",
				);
				INFOPLIST_FILE = ChangeButtonNameUsingCodeTests/Info.plist;
				LD_RUNPATH_SEARCH_PATHS = "$(inherited) @executable_path/Frameworks @loader_path/Frameworks";
				PRODUCT_NAME = "$(TARGET_NAME)";
				TEST_HOST = "$(BUILT_PRODUCTS_DIR)/ChangeButtonNameUsingCode.app/ChangeButtonNameUsingCode";
			};
			name = Debug;
		};
		8CC9F5291B9575B100F62297 /* Release */ = {
			isa = XCBuildConfiguration;
			buildSettings = {
				BUNDLE_LOADER = "$(TEST_HOST)";
				FRAMEWORK_SEARCH_PATHS = (
					"$(SDKROOT)/Developer/Library/Frameworks",
					"$(inherited)",
				);
				INFOPLIST_FILE = ChangeButtonNameUsingCodeTests/Info.plist;
				LD_RUNPATH_SEARCH_PATHS = "$(inherited) @executable_path/Frameworks @loader_path/Frameworks";
				PRODUCT_NAME = "$(TARGET_NAME)";
				TEST_HOST = "$(BUILT_PRODUCTS_DIR)/ChangeButtonNameUsingCode.app/ChangeButtonNameUsingCode";
			};
			name = Release;
		};
/* End XCBuildConfiguration section */

/* Begin XCConfigurationList section */
		8CC9F4FC1B9575B100F62297 /* Build configuration list for PBXProject "ChangeButtonNameUsingCode" */ = {
			isa = XCConfigurationList;
			buildConfigurations = (
				8CC9F5221B9575B100F62297 /* Debug */,
				8CC9F5231B9575B100F62297 /* Release */,
			);
			defaultConfigurationIsVisible = 0;
			defaultConfigurationName = Release;
		};
		8CC9F5241B9575B100F62297 /* Build configuration list for PBXNativeTarget "ChangeButtonNameUsingCode" */ = {
			isa = XCConfigurationList;
			buildConfigurations = (
				8CC9F5251B9575B100F62297 /* Debug */,
				8CC9F5261B9575B100F62297 /* Release */,
			);
			defaultConfigurationIsVisible = 0;
		};
		8CC9F5271B9575B100F62297 /* Build configuration list for PBXNativeTarget "ChangeButtonNameUsingCodeTests" */ = {
			isa = XCConfigurationList;
			buildConfigurations = (
				8CC9F5281B9575B100F62297 /* Debug */,
				8CC9F5291B9575B100F62297 /* Release */,
			);
			defaultConfigurationIsVisible = 0;
		};
/* End XCConfigurationList section */
	};
	rootObject = 8CC9F4F91B9575B100F62297 /* Project object */;
}
